
Microsoft Visual Studio Solution File, Format Version 12.00
Project("{FAE04EC0-301F-11D3-BF4B-00C04F79EFBC}") = "DocumentDbWithMarten", "DocumentDbWithMarten\DocumentDbWithMarten.csproj", "{EBC91F59-C8AD-4DD8-9B52-2EB19346B213}"
EndProject
Global
	GlobalSection(SolutionConfigurationPlatforms) = preSolution
		Debug|Any CPU = Debug|Any CPU
		Release|Any CPU = Release|Any CPU
	EndGlobalSection
	GlobalSection(ProjectConfigurationPlatforms) = postSolution
		{EBC91F59-C8AD-4DD8-9B52-2EB19346B213}.Debug|Any CPU.ActiveCfg = Debug|Any CPU
		{EBC91F59-C8AD-4DD8-9B52-2EB19346B213}.Debug|Any CPU.Build.0 = Debug|Any CPU
		{EBC91F59-C8AD-4DD8-9B52-2EB19346B213}.Release|Any CPU.ActiveCfg = Release|Any CPU
		{EBC91F59-C8AD-4DD8-9B52-2EB19346B213}.Release|Any CPU.Build.0 = Release|Any CPU
	EndGlobalSection
EndGlobal
